
Microsoft Visual Studio Solution File, Format Version 12.00
# Visual Studio Version 17
VisualStudioVersion = 17.3.32929.385
MinimumVisualStudioVersion = 10.0.40219.1
Project("{8BC9CEB8-8B4A-11D0-8D11-00A0C91BC942}") = "LinearAlgebraSolver", "LinearAlgebraSolver\LinearAlgebraSolver.vcxproj", "{C55603B9-7E40-4338-834C-1FDF2691F506}"
EndProject
Project("{8BC9CEB8-8B4A-11D0-8D11-00A0C91BC942}") = "unittest_LinearAlgebraSolver", "unittest_LinearAlgebraSolver\unittest_LinearAlgebraSolver.vcxproj", "{E0109298-ABEA-440A-9B90-C8FA0802B98F}"
EndProject
Global
	GlobalSection(SolutionConfigurationPlatforms) = preSolution
		Debug|x64 = Debug|x64
		Debug|x86 = Debug|x86
		Release|x64 = Release|x64
		Release|x86 = Release|x86
	EndGlobalSection
	GlobalSection(ProjectConfigurationPlatforms) = postSolution
		{C55603B9-7E40-4338-834C-1FDF2691F506}.Debug|x64.ActiveCfg = Debug|x64
		{C55603B9-7E40-4338-834C-1FDF2691F506}.Debug|x64.Build.0 = Debug|x64
		{C55603B9-7E40-4338-834C-1FDF2691F506}.Debug|x86.ActiveCfg = Debug|Win32
		{C55603B9-7E40-4338-834C-1FDF2691F506}.Debug|x86.Build.0 = Debug|Win32
		{C55603B9-7E40-4338-834C-1FDF2691F506}.Release|x64.ActiveCfg = Release|x64
		{C55603B9-7E40-4338-834C-1FDF2691F506}.Release|x64.Build.0 = Release|x64
		{C55603B9-7E40-4338-834C-1FDF2691F506}.Release|x86.ActiveCfg = Release|Win32
		{C55603B9-7E40-4338-834C-1FDF2691F506}.Release|x86.Build.0 = Release|Win32
		{E0109298-ABEA-440A-9B90-C8FA0802B98F}.Debug|x64.ActiveCfg = Debug|x64
		{E0109298-ABEA-440A-9B90-C8FA0802B98F}.Debug|x64.Build.0 = Debug|x64
		{E0109298-ABEA-440A-9B90-C8FA0802B98F}.Debug|x86.ActiveCfg = Debug|Win32
		{E0109298-ABEA-440A-9B90-C8FA0802B98F}.Debug|x86.Build.0 = Debug|Win32
		{E0109298-ABEA-440A-9B90-C8FA0802B98F}.Release|x64.ActiveCfg = Release|x64
		{E0109298-ABEA-440A-9B90-C8FA0802B98F}.Release|x64.Build.0 = Release|x64
		{E0109298-ABEA-440A-9B90-C8FA0802B98F}.Release|x86.ActiveCfg = Release|Win32
		{E0109298-ABEA-440A-9B90-C8FA0802B98F}.Release|x86.Build.0 = Release|Win32
	EndGlobalSection
	GlobalSection(SolutionProperties) = preSolution
		HideSolutionNode = FALSE
	EndGlobalSection
	GlobalSection(ExtensibilityGlobals) = postSolution
		SolutionGuid = {9E2C08BE-E794-41C6-9D4D-BAB494DC3557}
	EndGlobalSection
EndGlobal
